Microsoft Visual Studio Solution File, Format Version 12.00
# Visual Studio Version 17
VisualStudioVersion = 17.5.2.0
MinimumVisualStudioVersion = 10.0.40219.1
Project("{FAE04EC0-301F-11D3-BF4B-00C04F79EFBC}") = "WebAppAuth", "WebAppAuth\WebAppAuth.csproj", "{57D56080-36D2-5AF7-0C92-5011C822654E}"
EndProject
Global
	GlobalSection(SolutionConfigurationPlatforms) = preSolution
		Debug|Any CPU = Debug|Any CPU
		Release|Any CPU = Release|Any CPU
	EndGlobalSection
	GlobalSection(ProjectConfigurationPlatforms) = postSolution
		{57D56080-36D2-5AF7-0C92-5011C822654E}.Debug|Any CPU.ActiveCfg = Debug|Any CPU
		{57D56080-36D2-5AF7-0C92-5011C822654E}.Debug|Any CPU.Build.0 = Debug|Any CPU
		{57D56080-36D2-5AF7-0C92-5011C822654E}.Release|Any CPU.ActiveCfg = Release|Any CPU
		{57D56080-36D2-5AF7-0C92-5011C822654E}.Release|Any CPU.Build.0 = Release|Any CPU
	EndGlobalSection
	GlobalSection(SolutionProperties) = preSolution
		HideSolutionNode = FALSE
	EndGlobalSection
	GlobalSection(ExtensibilityGlobals) = postSolution
		SolutionGuid = {0B125155-FECE-40FB-B79F-3A5DE399240E}
	EndGlobalSection
EndGlobal
